// !$*UTF8*$!
{
	archiveVersion = 1;
	classes = {
	};
	objectVersion = 56;
	objects = {

/* Begin PBXBuildFile section */
		02883BB62B27D7DA00466E10 /* LearnLocationAccessApp.swift in Sources */ = {isa = PBXBuildFile; fileRef = 02883BB52B27D7DA00466E10 /* LearnLocationAccessApp.swift */; };
		02883BB82B27D7DA00466E10 /* ContentView.swift in Sources */ = {isa = PBXBuildFile; fileRef = 02883BB72B27D7DA00466E10 /* ContentView.swift */; };
		02883BBA2B27D7DB00466E10 /* Assets.xcassets in Resources */ = {isa = PBXBuildFile; fileRef = 02883BB92B27D7DB00466E10 /* Assets.xcassets */; };
		02883BBD2B27D7DB00466E10 /* Preview Assets.xcassets in Resources */ = {isa = PBXBuildFile; fileRef = 02883BBC2B27D7DB00466E10 /* Preview Assets.xcassets */; };
		02883BC72B27D7DB00466E10 /* LearnLocationAccessTests.swift in Sources */ = {isa = PBXBuildFile; fileRef = 02883BC62B27D7DB00466E10 /* LearnLocationAccessTests.swift */; };
		02883BD12B27D7DB00466E10 /* LearnLocationAccessUITests.swift in Sources */ = {isa = PBXBuildFile; fileRef = 02883BD02B27D7DB00466E10 /* LearnLocationAccessUITests.swift */; };
		02883BD32B27D7DB00466E10 /* LearnLocationAccessUITestsLaunchTests.swift in Sources */ = {isa = PBXBuildFile; fileRef = 02883BD22B27D7DB00466E10 /* LearnLocationAccessUITestsLaunchTests.swift */; };
		02883BE02B27DAA900466E10 /* CLLocationCoordinate2D.swift in Sources */ = {isa = PBXBuildFile; fileRef = 02883BDF2B27DAA900466E10 /* CLLocationCoordinate2D.swift */; };
		02883BE22B27DD4A00466E10 /* UserLocationManager.swift in Sources */ = {isa = PBXBuildFile; fileRef = 02883BE12B27DD4A00466E10 /* UserLocationManager.swift */; };
/* End PBXBuildFile section */

/* Begin PBXContainerItemProxy section */
		02883BC32B27D7DB00466E10 /* PBXContainerItemProxy */ = {
			isa = PBXContainerItemProxy;
			containerPortal = 02883BAA2B27D7DA00466E10 /* Project object */;
			proxyType = 1;
			remoteGlobalIDString = 02883BB12B27D7DA00466E10;
			remoteInfo = LearnLocationAccess;
		};
		02883BCD2B27D7DB00466E10 /* PBXContainerItemProxy */ = {
			isa = PBXContainerItemProxy;
			containerPortal = 02883BAA2B27D7DA00466E10 /* Project object */;
			proxyType = 1;
			remoteGlobalIDString = 02883BB12B27D7DA00466E10;
			remoteInfo = LearnLocationAccess;
		};
/* End PBXContainerItemProxy section */

/* Begin PBXFileReference section */
		02883BB22B27D7DA00466E10 /* LearnLocationAccess.app */ = {isa = PBXFileReference; explicitFileType = wrapper.application; includeInIndex = 0; path = LearnLocationAccess.app; sourceTree = BUILT_PRODUCTS_DIR; };
		02883BB52B27D7DA00466E10 /* LearnLocationAccessApp.swift */ = {isa = PBXFileReference; lastKnownFileType = sourcecode.swift; path = LearnLocationAccessApp.swift; sourceTree = "<group>"; };
		02883BB72B27D7DA00466E10 /* ContentView.swift */ = {isa = PBXFileReference; lastKnownFileType = sourcecode.swift; path = ContentView.swift; sourceTree = "<group>"; };
		02883BB92B27D7DB00466E10 /* Assets.xcassets */ = {isa = PBXFileReference; lastKnownFileType = folder.assetcatalog; path = Assets.xcassets; sourceTree = "<group>"; };
		02883BBC2B27D7DB00466E10 /* Preview Assets.xcassets */ = {isa = PBXFileReference; lastKnownFileType = folder.assetcatalog; path = "Preview Assets.xcassets"; sourceTree = "<group>"; };
		02883BC22B27D7DB00466E10 /* LearnLocationAccessTests.xctest */ = {isa = PBXFileReference; explicitFileType = wrapper.cfbundle; includeInIndex = 0; path = LearnLocationAccessTests.xctest; sourceTree = BUILT_PRODUCTS_DIR; };
		02883BC62B27D7DB00466E10 /* LearnLocationAccessTests.swift */ = {isa = PBXFileReference; lastKnownFileType = sourcecode.swift; path = LearnLocationAccessTests.swift; sourceTree = "<group>"; };
		02883BCC2B27D7DB00466E10 /* LearnLocationAccessUITests.xctest */ = {isa = PBXFileReference; explicitFileType = wrapper.cfbundle; includeInIndex = 0; path = LearnLocationAccessUITests.xctest; sourceTree = BUILT_PRODUCTS_DIR; };
		02883BD02B27D7DB00466E10 /* LearnLocationAccessUITests.swift */ = {isa = PBXFileReference; lastKnownFileType = sourcecode.swift; path = LearnLocationAccessUITests.swift; sourceTree = "<group>"; };
		02883BD22B27D7DB00466E10 /* LearnLocationAccessUITestsLaunchTests.swift */ = {isa = PBXFileReference; lastKnownFileType = sourcecode.swift; path = LearnLocationAccessUITestsLaunchTests.swift; sourceTree = "<group>"; };
		02883BDF2B27DAA900466E10 /* CLLocationCoordinate2D.swift */ = {isa = PBXFileReference; fileEncoding = 4; lastKnownFileType = sourcecode.swift; path = CLLocationCoordinate2D.swift; sourceTree = "<group>"; };
		02883BE12B27DD4A00466E10 /* UserLocationManager.swift */ = {isa = PBXFileReference; lastKnownFileType = sourcecode.swift; path = UserLocationManager.swift; sourceTree = "<group>"; };
/* End PBXFileReference section */

/* Begin PBXFrameworksBuildPhase section */
		02883BAF2B27D7DA00466E10 /* Frameworks */ = {
			isa = PBXFrameworksBuildPhase;
			buildActionMask = 2147483647;
			files = (
			);
			runOnlyForDeploymentPostprocessing = 0;
		};
		02883BBF2B27D7DB00466E10 /* Frameworks */ = {
			isa = PBXFrameworksBuildPhase;
			buildActionMask = 2147483647;
			files = (
			);
			runOnlyForDeploymentPostprocessing = 0;
		};
		02883BC92B27D7DB00466E10 /* Frameworks */ = {
			isa = PBXFrameworksBuildPhase;
			buildActionMask = 2147483647;
			files = (
			);
			runOnlyForDeploymentPostprocessing = 0;
		};
/* End PBXFrameworksBuildPhase section */

/* Begin PBXGroup section */
		02883BA92B27D7DA00466E10 = {
			isa = PBXGroup;
			children = (
				02883BB42B27D7DA00466E10 /* LearnLocationAccess */,
				02883BC52B27D7DB00466E10 /* LearnLocationAccessTests */,
				02883BCF2B27D7DB00466E10 /* LearnLocationAccessUITests */,
				02883BB32B27D7DA00466E10 /* Products */,
			);
			sourceTree = "<group>";
		};
		02883BB32B27D7DA00466E10 /* Products */ = {
			isa = PBXGroup;
			children = (
				02883BB22B27D7DA00466E10 /* LearnLocationAccess.app */,
				02883BC22B27D7DB00466E10 /* LearnLocationAccessTests.xctest */,
				02883BCC2B27D7DB00466E10 /* LearnLocationAccessUITests.xctest */,
			);
			name = Products;
			sourceTree = "<group>";
		};
		02883BB42B27D7DA00466E10 /* LearnLocationAccess */ = {
			isa = PBXGroup;
			children = (
				02883BDF2B27DAA900466E10 /* CLLocationCoordinate2D.swift */,
				02883BB52B27D7DA00466E10 /* LearnLocationAccessApp.swift */,
				02883BB72B27D7DA00466E10 /* ContentView.swift */,
				02883BB92B27D7DB00466E10 /* Assets.xcassets */,
				02883BBB2B27D7DB00466E10 /* Preview Content */,
				02883BE12B27DD4A00466E10 /* UserLocationManager.swift */,
			);
			path = LearnLocationAccess;
			sourceTree = "<group>";
		};
		02883BBB2B27D7DB00466E10 /* Preview Content */ = {
			isa = PBXGroup;
			children = (
				02883BBC2B27D7DB00466E10 /* Preview Assets.xcassets */,
			);
			path = "Preview Content";
			sourceTree = "<group>";
		};
		02883BC52B27D7DB00466E10 /* LearnLocationAccessTests */ = {
			isa = PBXGroup;
			children = (
				02883BC62B27D7DB00466E10 /* LearnLocationAccessTests.swift */,
			);
			path = LearnLocationAccessTests;
			sourceTree = "<group>";
		};
		02883BCF2B27D7DB00466E10 /* LearnLocationAccessUITests */ = {
			isa = PBXGroup;
			children = (
				02883BD02B27D7DB00466E10 /* LearnLocationAccessUITests.swift */,
				02883BD22B27D7DB00466E10 /* LearnLocationAccessUITestsLaunchTests.swift */,
			);
			path = LearnLocationAccessUITests;
			sourceTree = "<group>";
		};
/* End PBXGroup section */

/* Begin PBXNativeTarget section */
		02883BB12B27D7DA00466E10 /* LearnLocationAccess */ = {
			isa = PBXNativeTarget;
			buildConfigurationList = 02883BD62B27D7DB00466E10 /* Build configuration list for PBXNativeTarget "LearnLocationAccess" */;
			buildPhases = (
				02883BAE2B27D7DA00466E10 /* Sources */,
				02883BAF2B27D7DA00466E10 /* Frameworks */,
				02883BB02B27D7DA00466E10 /* Resources */,
			);
			buildRules = (
			);
			dependencies = (
			);
			name = LearnLocationAccess;
			productName = LearnLocationAccess;
			productReference = 02883BB22B27D7DA00466E10 /* LearnLocationAccess.app */;
			productType = "com.apple.product-type.application";
		};
		02883BC12B27D7DB00466E10 /* LearnLocationAccessTests */ = {
			isa = PBXNativeTarget;
			buildConfigurationList = 02883BD92B27D7DB00466E10 /* Build configuration list for PBXNativeTarget "LearnLocationAccessTests" */;
			buildPhases = (
				02883BBE2B27D7DB00466E10 /* Sources */,
				02883BBF2B27D7DB00466E10 /* Frameworks */,
				02883BC02B27D7DB00466E10 /* Resources */,
			);
			buildRules = (
			);
			dependencies = (
				02883BC42B27D7DB00466E10 /* PBXTargetDependency */,
			);
			name = LearnLocationAccessTests;
			productName = LearnLocationAccessTests;
			productReference = 02883BC22B27D7DB00466E10 /* LearnLocationAccessTests.xctest */;
			productType = "com.apple.product-type.bundle.unit-test";
		};
		02883BCB2B27D7DB00466E10 /* LearnLocationAccessUITests */ = {
			isa = PBXNativeTarget;
			buildConfigurationList = 02883BDC2B27D7DB00466E10 /* Build configuration list for PBXNativeTarget "LearnLocationAccessUITests" */;
			buildPhases = (
				02883BC82B27D7DB00466E10 /* Sources */,
				02883BC92B27D7DB00466E10 /* Frameworks */,
				02883BCA2B27D7DB00466E10 /* Resources */,
			);
			buildRules = (
			);
			dependencies = (
				02883BCE2B27D7DB00466E10 /* PBXTargetDependency */,
			);
			name = LearnLocationAccessUITests;
			productName = LearnLocationAccessUITests;
			productReference = 02883BCC2B27D7DB00466E10 /* LearnLocationAccessUITests.xctest */;
			productType = "com.apple.product-type.bundle.ui-testing";
		};
/* End PBXNativeTarget section */

/* Begin PBXProject section */
		02883BAA2B27D7DA00466E10 /* Project object */ = {
			isa = PBXProject;
			attributes = {
				BuildIndependentTargetsInParallel = 1;
				LastSwiftUpdateCheck = 1500;
				LastUpgradeCheck = 1500;
				TargetAttributes = {
					02883BB12B27D7DA00466E10 = {
						CreatedOnToolsVersion = 15.0.1;
					};
					02883BC12B27D7DB00466E10 = {
						CreatedOnToolsVersion = 15.0.1;
						TestTargetID = 02883BB12B27D7DA00466E10;
					};
					02883BCB2B27D7DB00466E10 = {
						CreatedOnToolsVersion = 15.0.1;
						TestTargetID = 02883BB12B27D7DA00466E10;
					};
				};
			};
			buildConfigurationList = 02883BAD2B27D7DA00466E10 /* Build configuration list for PBXProject "LearnLocationAccess" */;
			compatibilityVersion = "Xcode 14.0";
			developmentRegion = en;
			hasScannedForEncodings = 0;
			knownRegions = (
				en,
				Base,
			);
			mainGroup = 02883BA92B27D7DA00466E10;
			productRefGroup = 02883BB32B27D7DA00466E10 /* Products */;
			projectDirPath = "";
			projectRoot = "";
			targets = (
				02883BB12B27D7DA00466E10 /* LearnLocationAccess */,
				02883BC12B27D7DB00466E10 /* LearnLocationAccessTests */,
				02883BCB2B27D7DB00466E10 /* LearnLocationAccessUITests */,
			);
		};
/* End PBXProject section */

/* Begin PBXResourcesBuildPhase section */
		02883BB02B27D7DA00466E10 /* Resources */ = {
			isa = PBXResourcesBuildPhase;
			buildActionMask = 2147483647;
			files = (
				02883BBD2B27D7DB00466E10 /* Preview Assets.xcassets in Resources */,
				02883BBA2B27D7DB00466E10 /* Assets.xcassets in Resources */,
			);
			runOnlyForDeploymentPostprocessing = 0;
		};
		02883BC02B27D7DB00466E10 /* Resources */ = {
			isa = PBXResourcesBuildPhase;
			buildActionMask = 2147483647;
			files = (
			);
			runOnlyForDeploymentPostprocessing = 0;
		};
		02883BCA2B27D7DB00466E10 /* Resources */ = {
			isa = PBXResourcesBuildPhase;
			buildActionMask = 2147483647;
			files = (
			);
			runOnlyForDeploymentPostprocessing = 0;
		};
/* End PBXResourcesBuildPhase section */

/* Begin PBXSourcesBuildPhase section */
		02883BAE2B27D7DA00466E10 /* Sources */ = {
			isa = PBXSourcesBuildPhase;
			buildActionMask = 2147483647;
			files = (
				02883BB82B27D7DA00466E10 /* ContentView.swift in Sources */,
				02883BB62B27D7DA00466E10 /* LearnLocationAccessApp.swift in Sources */,
				02883BE02B27DAA900466E10 /* CLLocationCoordinate2D.swift in Sources */,
				02883BE22B27DD4A00466E10 /* UserLocationManager.swift in Sources */,
			);
			runOnlyForDeploymentPostprocessing = 0;
		};
		02883BBE2B27D7DB00466E10 /* Sources */ = {
			isa = PBXSourcesBuildPhase;
			buildActionMask = 2147483647;
			files = (
				02883BC72B27D7DB00466E10 /* LearnLocationAccessTests.swift in Sources */,
			);
			runOnlyForDeploymentPostprocessing = 0;
		};
		02883BC82B27D7DB00466E10 /* Sources */ = {
			isa = PBXSourcesBuildPhase;
			buildActionMask = 2147483647;
			files = (
				02883BD32B27D7DB00466E10 /* LearnLocationAccessUITestsLaunchTests.swift in Sources */,
				02883BD12B27D7DB00466E10 /* LearnLocationAccessUITests.swift in Sources */,
			);
			runOnlyForDeploymentPostprocessing = 0;
		};
/* End PBXSourcesBuildPhase section */

/* Begin PBXTargetDependency section */
		02883BC42B27D7DB00466E10 /* PBXTargetDependency */ = {
			isa = PBXTargetDependency;
			target = 02883BB12B27D7DA00466E10 /* LearnLocationAccess */;
			targetProxy = 02883BC32B27D7DB00466E10 /* PBXContainerItemProxy */;
		};
		02883BCE2B27D7DB00466E10 /* PBXTargetDependency */ = {
			isa = PBXTargetDependency;
			target = 02883BB12B27D7DA00466E10 /* LearnLocationAccess */;
			targetProxy = 02883BCD2B27D7DB00466E10 /* PBXContainerItemProxy */;
		};
/* End PBXTargetDependency section */

/* Begin XCBuildConfiguration section */
		02883BD42B27D7DB00466E10 /* Debug */ = {
			isa = XCBuildConfiguration;
			buildSettings = {
				ALWAYS_SEARCH_USER_PATHS = NO;
				ASSETCATALOG_COMPILER_GENERATE_SWIFT_ASSET_SYMBOL_EXTENSIONS = YES;
				CLANG_ANALYZER_NONNULL = YES;
				CLANG_ANALYZER_NUMBER_OBJECT_CONVERSION = YES_AGGRESSIVE;
				CLANG_CXX_LANGUAGE_STANDARD = "gnu++20";
				CLANG_ENABLE_MODULES = YES;
				CLANG_ENABLE_OBJC_ARC = YES;
				CLANG_ENABLE_OBJC_WEAK = YES;
				CLANG_WARN_BLOCK_CAPTURE_AUTORELEASING = YES;
				CLANG_WARN_BOOL_CONVERSION = YES;
				CLANG_WARN_COMMA = YES;
				CLANG_WARN_CONSTANT_CONVERSION = YES;
				CLANG_WARN_DEPRECATED_OBJC_IMPLEMENTATIONS = YES;
				CLANG_WARN_DIRECT_OBJC_ISA_USAGE = YES_ERROR;
				CLANG_WARN_DOCUMENTATION_COMMENTS = YES;
				CLANG_WARN_EMPTY_BODY = YES;
				CLANG_WARN_ENUM_CONVERSION = YES;
				CLANG_WARN_INFINITE_RECURSION = YES;
				CLANG_WARN_INT_CONVERSION = YES;
				CLANG_WARN_NON_LITERAL_NULL_CONVERSION = YES;
				CLANG_WARN_OBJC_IMPLICIT_RETAIN_SELF = YES;
				CLANG_WARN_OBJC_LITERAL_CONVERSION = YES;
				CLANG_WARN_OBJC_ROOT_CLASS = YES_ERROR;
				CLANG_WARN_QUOTED_INCLUDE_IN_FRAMEWORK_HEADER = YES;
				CLANG_WARN_RANGE_LOOP_ANALYSIS = YES;
				CLANG_WARN_STRICT_PROTOTYPES = YES;
				CLANG_WARN_SUSPICIOUS_MOVE = YES;
				CLANG_WARN_UNGUARDED_AVAILABILITY = YES_AGGRESSIVE;
				CLANG_WARN_UNREACHABLE_CODE = YES;
				CLANG_WARN__DUPLICATE_METHOD_MATCH = YES;
				COPY_PHASE_STRIP = NO;
				DEBUG_INFORMATION_FORMAT = dwarf;
				ENABLE_STRICT_OBJC_MSGSEND = YES;
				ENABLE_TESTABILITY = YES;
				ENABLE_USER_SCRIPT_SANDBOXING = YES;
				GCC_C_LANGUAGE_STANDARD = gnu17;
				GCC_DYNAMIC_NO_PIC = NO;
				GCC_NO_COMMON_BLOCKS = YES;
				GCC_OPTIMIZATION_LEVEL = 0;
				GCC_PREPROCESSOR_DEFINITIONS = (
					"DEBUG=1",
					"$(inherited)",
				);
				GCC_WARN_64_TO_32_BIT_CONVERSION = YES;
				GCC_WARN_ABOUT_RETURN_TYPE = YES_ERROR;
				GCC_WARN_UNDECLARED_SELECTOR = YES;
				GCC_WARN_UNINITIALIZED_AUTOS = YES_AGGRESSIVE;
				GCC_WARN_UNUSED_FUNCTION = YES;
				GCC_WARN_UNUSED_VARIABLE = YES;
				IPHONEOS_DEPLOYMENT_TARGET = 17.0;
				LOCALIZATION_PREFERS_STRING_CATALOGS = YES;
				MTL_ENABLE_DEBUG_INFO = INCLUDE_SOURCE;
				MTL_FAST_MATH = YES;
				ONLY_ACTIVE_ARCH = YES;
				SDKROOT = iphoneos;
				SWIFT_ACTIVE_COMPILATION_CONDITIONS = "DEBUG $(inherited)";
				SWIFT_OPTIMIZATION_LEVEL = "-Onone";
			};
			name = Debug;
		};
		02883BD52B27D7DB00466E10 /* Release */ = {
			isa = XCBuildConfiguration;
			buildSettings = {
				ALWAYS_SEARCH_USER_PATHS = NO;
				ASSETCATALOG_COMPILER_GENERATE_SWIFT_ASSET_SYMBOL_EXTENSIONS = YES;
				CLANG_ANALYZER_NONNULL = YES;
				CLANG_ANALYZER_NUMBER_OBJECT_CONVERSION = YES_AGGRESSIVE;
				CLANG_CXX_LANGUAGE_STANDARD = "gnu++20";
				CLANG_ENABLE_MODULES = YES;
				CLANG_ENABLE_OBJC_ARC = YES;
				CLANG_ENABLE_OBJC_WEAK = YES;
				CLANG_WARN_BLOCK_CAPTURE_AUTORELEASING = YES;
				CLANG_WARN_BOOL_CONVERSION = YES;
				CLANG_WARN_COMMA = YES;
				CLANG_WARN_CONSTANT_CONVERSION = YES;
				CLANG_WARN_DEPRECATED_OBJC_IMPLEMENTATIONS = YES;
				CLANG_WARN_DIRECT_OBJC_ISA_USAGE = YES_ERROR;
				CLANG_WARN_DOCUMENTATION_COMMENTS = YES;
				CLANG_WARN_EMPTY_BODY = YES;
				CLANG_WARN_ENUM_CONVERSION = YES;
				CLANG_WARN_INFINITE_RECURSION = YES;
				CLANG_WARN_INT_CONVERSION = YES;
				CLANG_WARN_NON_LITERAL_NULL_CONVERSION = YES;
				CLANG_WARN_OBJC_IMPLICIT_RETAIN_SELF = YES;
				CLANG_WARN_OBJC_LITERAL_CONVERSION = YES;
				CLANG_WARN_OBJC_ROOT_CLASS = YES_ERROR;
				CLANG_WARN_QUOTED_INCLUDE_IN_FRAMEWORK_HEADER = YES;
				CLANG_WARN_RANGE_LOOP_ANALYSIS = YES;
				CLANG_WARN_STRICT_PROTOTYPES = YES;
				CLANG_WARN_SUSPICIOUS_MOVE = YES;
				CLANG_WARN_UNGUARDED_AVAILABILITY = YES_AGGRESSIVE;
				CLANG_WARN_UNREACHABLE_CODE = YES;
				CLANG_WARN__DUPLICATE_METHOD_MATCH = YES;
				COPY_PHASE_STRIP = NO;
				DEBUG_INFORMATION_FORMAT = "dwarf-with-dsym";
				ENABLE_NS_ASSERTIONS = NO;
				ENABLE_STRICT_OBJC_MSGSEND = YES;
				ENABLE_USER_SCRIPT_SANDBOXING = YES;
				GCC_C_LANGUAGE_STANDARD = gnu17;
				GCC_NO_COMMON_BLOCKS = YES;
				GCC_WARN_64_TO_32_BIT_CONVERSION = YES;
				GCC_WARN_ABOUT_RETURN_TYPE = YES_ERROR;
				GCC_WARN_UNDECLARED_SELECTOR = YES;
				GCC_WARN_UNINITIALIZED_AUTOS = YES_AGGRESSIVE;
				GCC_WARN_UNUSED_FUNCTION = YES;
				GCC_WARN_UNUSED_VARIABLE = YES;
				IPHONEOS_DEPLOYMENT_TARGET = 17.0;
				LOCALIZATION_PREFERS_STRING_CATALOGS = YES;
				MTL_ENABLE_DEBUG_INFO = NO;
				MTL_FAST_MATH = YES;
				SDKROOT = iphoneos;
				SWIFT_COMPILATION_MODE = wholemodule;
				VALIDATE_PRODUCT = YES;
			};
			name = Release;
		};
		02883BD72B27D7DB00466E10 /* Debug */ = {
			isa = XCBuildConfiguration;
			buildSettings = {
				ASSETCATALOG_COMPILER_APPICON_NAME = AppIcon;
				ASSETCATALOG_COMPILER_GLOBAL_ACCENT_COLOR_NAME = AccentColor;
				CODE_SIGN_STYLE = Automatic;
				CURRENT_PROJECT_VERSION = 1;
				DEVELOPMENT_ASSET_PATHS = "\"LearnLocationAccess/Preview Content\"";
				DEVELOPMENT_TEAM = K6449ZUDL7;
				ENABLE_PREVIEWS = YES;
				GENERATE_INFOPLIST_FILE = YES;
				INFOPLIST_KEY_NSLocationAlwaysAndWhenInUseUsageDescription = "please let me know your location when in use.";
				INFOPLIST_KEY_NSLocationWhenInUseUsageDescription = "please share your location with me";
				INFOPLIST_KEY_UIApplicationSceneManifest_Generation = YES;
				INFOPLIST_KEY_UIApplicationSupportsIndirectInputEvents = YES;
				INFOPLIST_KEY_UILaunchScreen_Generation = YES;
				INFOPLIST_KEY_UISupportedInterfaceOrientations_iPad = "UIInterfaceOrientationPortrait UIInterfaceOrientationPortraitUpsideDown UIInterfaceOrientationLandscapeLeft UIInterfaceOrientationLandscapeRight";
				INFOPLIST_KEY_UISupportedInterfaceOrientations_iPhone = "UIInterfaceOrientationPortrait UIInterfaceOrientationLandscapeLeft UIInterfaceOrientationLandscapeRight";
				LD_RUNPATH_SEARCH_PATHS = (
					"$(inherited)",
					"@executable_path/Frameworks",
				);
				MARKETING_VERSION = 1.0;
				PRODUCT_BUNDLE_IDENTIFIER = com.thackbarth.LearnLocationAccess;
				PRODUCT_NAME = "$(TARGET_NAME)";
				SWIFT_EMIT_LOC_STRINGS = YES;
				SWIFT_VERSION = 5.0;
				TARGETED_DEVICE_FAMILY = "1,2";
			};
			name = Debug;
		};
		02883BD82B27D7DB00466E10 /* Release */ = {
			isa = XCBuildConfiguration;
			buildSettings = {
				ASSETCATALOG_COMPILER_APPICON_NAME = AppIcon;
				ASSETCATALOG_COMPILER_GLOBAL_ACCENT_COLOR_NAME = AccentColor;
				CODE_SIGN_STYLE = Automatic;
				CURRENT_PROJECT_VERSION = 1;
				DEVELOPMENT_ASSET_PATHS = "\"LearnLocationAccess/Preview Content\"";
				DEVELOPMENT_TEAM = K6449ZUDL7;
				ENABLE_PREVIEWS = YES;
				GENERATE_INFOPLIST_FILE = YES;
				INFOPLIST_KEY_NSLocationAlwaysAndWhenInUseUsageDescription = "please let me know your location when in use.";
				INFOPLIST_KEY_NSLocationWhenInUseUsageDescription = "please share your location with me";
				INFOPLIST_KEY_UIApplicationSceneManifest_Generation = YES;
				INFOPLIST_KEY_UIApplicationSupportsIndirectInputEvents = YES;
				INFOPLIST_KEY_UILaunchScreen_Generation = YES;
				INFOPLIST_KEY_UISupportedInterfaceOrientations_iPad = "UIInterfaceOrientationPortrait UIInterfaceOrientationPortraitUpsideDown UIInterfaceOrientationLandscapeLeft UIInterfaceOrientationLandscapeRight";
				INFOPLIST_KEY_UISupportedInterfaceOrientations_iPhone = "UIInterfaceOrientationPortrait UIInterfaceOrientationLandscapeLeft UIInterfaceOrientationLandscapeRight";
				LD_RUNPATH_SEARCH_PATHS = (
					"$(inherited)",
					"@executable_path/Frameworks",
				);
				MARKETING_VERSION = 1.0;
				PRODUCT_BUNDLE_IDENTIFIER = com.thackbarth.LearnLocationAccess;
				PRODUCT_NAME = "$(TARGET_NAME)";
				SWIFT_EMIT_LOC_STRINGS = YES;
				SWIFT_VERSION = 5.0;
				TARGETED_DEVICE_FAMILY = "1,2";
			};
			name = Release;
		};
		02883BDA2B27D7DB00466E10 /* Debug */ = {
			isa = XCBuildConfiguration;
			buildSettings = {
				ALWAYS_EMBED_SWIFT_STANDARD_LIBRARIES = YES;
				BUNDLE_LOADER = "$(TEST_HOST)";
				CODE_SIGN_STYLE = Automatic;
				CURRENT_PROJECT_VERSION = 1;
				DEVELOPMENT_TEAM = K6449ZUDL7;
				GENERATE_INFOPLIST_FILE = YES;
				IPHONEOS_DEPLOYMENT_TARGET = 17.0;
				MARKETING_VERSION = 1.0;
				PRODUCT_BUNDLE_IDENTIFIER = com.thackbarth.LearnLocationAccessTests;
				PRODUCT_NAME = "$(TARGET_NAME)";
				SWIFT_EMIT_LOC_STRINGS = NO;
				SWIFT_VERSION = 5.0;
				TARGETED_DEVICE_FAMILY = "1,2";
				TEST_HOST = "$(BUILT_PRODUCTS_DIR)/LearnLocationAccess.app/$(BUNDLE_EXECUTABLE_FOLDER_PATH)/LearnLocationAccess";
			};
			name = Debug;
		};
		02883BDB2B27D7DB00466E10 /* Release */ = {
			isa = XCBuildConfiguration;
			buildSettings = {
				ALWAYS_EMBED_SWIFT_STANDARD_LIBRARIES = YES;
				BUNDLE_LOADER = "$(TEST_HOST)";
				CODE_SIGN_STYLE = Automatic;
				CURRENT_PROJECT_VERSION = 1;
				DEVELOPMENT_TEAM = K6449ZUDL7;
				GENERATE_INFOPLIST_FILE = YES;
				IPHONEOS_DEPLOYMENT_TARGET = 17.0;
				MARKETING_VERSION = 1.0;
				PRODUCT_BUNDLE_IDENTIFIER = com.thackbarth.LearnLocationAccessTests;
				PRODUCT_NAME = "$(TARGET_NAME)";
				SWIFT_EMIT_LOC_STRINGS = NO;
				SWIFT_VERSION = 5.0;
				TARGETED_DEVICE_FAMILY = "1,2";
				TEST_HOST = "$(BUILT_PRODUCTS_DIR)/LearnLocationAccess.app/$(BUNDLE_EXECUTABLE_FOLDER_PATH)/LearnLocationAccess";
			};
			name = Release;
		};
		02883BDD2B27D7DB00466E10 /* Debug */ = {
			isa = XCBuildConfiguration;
			buildSettings = {
				ALWAYS_EMBED_SWIFT_STANDARD_LIBRARIES = YES;
				CODE_SIGN_STYLE = Automatic;
				CURRENT_PROJECT_VERSION = 1;
				DEVELOPMENT_TEAM = K6449ZUDL7;
				GENERATE_INFOPLIST_FILE = YES;
				MARKETING_VERSION = 1.0;
				PRODUCT_BUNDLE_IDENTIFIER = com.thackbarth.LearnLocationAccessUITests;
				PRODUCT_NAME = "$(TARGET_NAME)";
				SWIFT_EMIT_LOC_STRINGS = NO;
				SWIFT_VERSION = 5.0;
				TARGETED_DEVICE_FAMILY = "1,2";
				TEST_TARGET_NAME = LearnLocationAccess;
			};
			name = Debug;
		};
		02883BDE2B27D7DB00466E10 /* Release */ = {
			isa = XCBuildConfiguration;
			buildSettings = {
				ALWAYS_EMBED_SWIFT_STANDARD_LIBRARIES = YES;
				CODE_SIGN_STYLE = Automatic;
				CURRENT_PROJECT_VERSION = 1;
				DEVELOPMENT_TEAM = K6449ZUDL7;
				GENERATE_INFOPLIST_FILE = YES;
				MARKETING_VERSION = 1.0;
				PRODUCT_BUNDLE_IDENTIFIER = com.thackbarth.LearnLocationAccessUITests;
				PRODUCT_NAME = "$(TARGET_NAME)";
				SWIFT_EMIT_LOC_STRINGS = NO;
				SWIFT_VERSION = 5.0;
				TARGETED_DEVICE_FAMILY = "1,2";
				TEST_TARGET_NAME = LearnLocationAccess;
			};
			name = Release;
		};
/* End XCBuildConfiguration section */

/* Begin XCConfigurationList section */
		02883BAD2B27D7DA00466E10 /* Build configuration list for PBXProject "LearnLocationAccess" */ = {
			isa = XCConfigurationList;
			buildConfigurations = (
				02883BD42B27D7DB00466E10 /* Debug */,
				02883BD52B27D7DB00466E10 /* Release */,
			);
			defaultConfigurationIsVisible = 0;
			defaultConfigurationName = Release;
		};
		02883BD62B27D7DB00466E10 /* Build configuration list for PBXNativeTarget "LearnLocationAccess" */ = {
			isa = XCConfigurationList;
			buildConfigurations = (
				02883BD72B27D7DB00466E10 /* Debug */,
				02883BD82B27D7DB00466E10 /* Release */,
			);
			defaultConfigurationIsVisible = 0;
			defaultConfigurationName = Release;
		};
		02883BD92B27D7DB00466E10 /* Build configuration list for PBXNativeTarget "LearnLocationAccessTests" */ = {
			isa = XCConfigurationList;
			buildConfigurations = (
				02883BDA2B27D7DB00466E10 /* Debug */,
				02883BDB2B27D7DB00466E10 /* Release */,
			);
			defaultConfigurationIsVisible = 0;
			defaultConfigurationName = Release;
		};
		02883BDC2B27D7DB00466E10 /* Build configuration list for PBXNativeTarget "LearnLocationAccessUITests" */ = {
			isa = XCConfigurationList;
			buildConfigurations = (
				02883BDD2B27D7DB00466E10 /* Debug */,
				02883BDE2B27D7DB00466E10 /* Release */,
			);
			defaultConfigurationIsVisible = 0;
			defaultConfigurationName = Release;
		};
/* End XCConfigurationList section */
	};
	rootObject = 02883BAA2B27D7DA00466E10 /* Project object */;
}
